// !$*UTF8*$!
{
	archiveVersion = 1;
	classes = {
	};
	objectVersion = 77;
	objects = {

/* Begin PBXContainerItemProxy section */
		F25ED3672CB3DE1000C3D3D9 /* PBXContainerItemProxy */ = {
			isa = PBXContainerItemProxy;
			containerPortal = F25ED34E2CB3DE0F00C3D3D9 /* Project object */;
			proxyType = 1;
			remoteGlobalIDString = F25ED3552CB3DE0F00C3D3D9;
			remoteInfo = swift;
		};
		F25ED3712CB3DE1000C3D3D9 /* PBXContainerItemProxy */ = {
			isa = PBXContainerItemProxy;
			containerPortal = F25ED34E2CB3DE0F00C3D3D9 /* Project object */;
			proxyType = 1;
			remoteGlobalIDString = F25ED3552CB3DE0F00C3D3D9;
			remoteInfo = swift;
		};
/* End PBXContainerItemProxy section */

/* Begin PBXFileReference section */
		F25ED3562CB3DE0F00C3D3D9 /* swift.app */ = {isa = PBXFileReference; explicitFileType = wrapper.application; includeInIndex = 0; path = swift.app; sourceTree = BUILT_PRODUCTS_DIR; };
		F25ED3662CB3DE1000C3D3D9 /* swiftTests.xctest */ = {isa = PBXFileReference; explicitFileType = wrapper.cfbundle; includeInIndex = 0; path = swiftTests.xctest; sourceTree = BUILT_PRODUCTS_DIR; };
		F25ED3702CB3DE1000C3D3D9 /* swiftUITests.xctest */ = {isa = PBXFileReference; explicitFileType = wrapper.cfbundle; includeInIndex = 0; path = swiftUITests.xctest; sourceTree = BUILT_PRODUCTS_DIR; };
/* End PBXFileReference section */

/* Begin PBXFileSystemSynchronizedRootGroup section */
		F25ED3582CB3DE0F00C3D3D9 /* swift */ = {
			isa = PBXFileSystemSynchronizedRootGroup;
			path = swift;
			sourceTree = "<group>";
		};
		F25ED3692CB3DE1000C3D3D9 /* swiftTests */ = {
			isa = PBXFileSystemSynchronizedRootGroup;
			path = swiftTests;
			sourceTree = "<group>";
		};
		F25ED3732CB3DE1000C3D3D9 /* swiftUITests */ = {
			isa = PBXFileSystemSynchronizedRootGroup;
			path = swiftUITests;
			sourceTree = "<group>";
		};
/* End PBXFileSystemSynchronizedRootGroup section */

/* Begin PBXFrameworksBuildPhase section */
		F25ED3532CB3DE0F00C3D3D9 /* Frameworks */ = {
			isa = PBXFrameworksBuildPhase;
			buildActionMask = 2147483647;
			files = (
			);
			runOnlyForDeploymentPostprocessing = 0;
		};
		F25ED3632CB3DE1000C3D3D9 /* Frameworks */ = {
			isa = PBXFrameworksBuildPhase;
			buildActionMask = 2147483647;
			files = (
			);
			runOnlyForDeploymentPostprocessing = 0;
		};
		F25ED36D2CB3DE1000C3D3D9 /* Frameworks */ = {
			isa = PBXFrameworksBuildPhase;
			buildActionMask = 2147483647;
			files = (
			);
			runOnlyForDeploymentPostprocessing = 0;
		};
/* End PBXFrameworksBuildPhase section */

/* Begin PBXGroup section */
		F25ED34D2CB3DE0F00C3D3D9 = {
			isa = PBXGroup;
			children = (
				F25ED3582CB3DE0F00C3D3D9 /* swift */,
				F25ED3692CB3DE1000C3D3D9 /* swiftTests */,
				F25ED3732CB3DE1000C3D3D9 /* swiftUITests */,
				F25ED3572CB3DE0F00C3D3D9 /* Products */,
			);
			sourceTree = "<group>";
		};
		F25ED3572CB3DE0F00C3D3D9 /* Products */ = {
			isa = PBXGroup;
			children = (
				F25ED3562CB3DE0F00C3D3D9 /* swift.app */,
				F25ED3662CB3DE1000C3D3D9 /* swiftTests.xctest */,
				F25ED3702CB3DE1000C3D3D9 /* swiftUITests.xctest */,
			);
			name = Products;
			sourceTree = "<group>";
		};
/* End PBXGroup section */

/* Begin PBXNativeTarget section */
		F25ED3552CB3DE0F00C3D3D9 /* swift */ = {
			isa = PBXNativeTarget;
			buildConfigurationList = F25ED37A2CB3DE1000C3D3D9 /* Build configuration list for PBXNativeTarget "swift" */;
			buildPhases = (
				F25ED3522CB3DE0F00C3D3D9 /* Sources */,
				F25ED3532CB3DE0F00C3D3D9 /* Frameworks */,
				F25ED3542CB3DE0F00C3D3D9 /* Resources */,
			);
			buildRules = (
			);
			dependencies = (
			);
			fileSystemSynchronizedGroups = (
				F25ED3582CB3DE0F00C3D3D9 /* swift */,
			);
			name = swift;
			packageProductDependencies = (
			);
			productName = swift;
			productReference = F25ED3562CB3DE0F00C3D3D9 /* swift.app */;
			productType = "com.apple.product-type.application";
		};
		F25ED3652CB3DE1000C3D3D9 /* swiftTests */ = {
			isa = PBXNativeTarget;
			buildConfigurationList = F25ED37D2CB3DE1000C3D3D9 /* Build configuration list for PBXNativeTarget "swiftTests" */;
			buildPhases = (
				F25ED3622CB3DE1000C3D3D9 /* Sources */,
				F25ED3632CB3DE1000C3D3D9 /* Frameworks */,
				F25ED3642CB3DE1000C3D3D9 /* Resources */,
			);
			buildRules = (
			);
			dependencies = (
				F25ED3682CB3DE1000C3D3D9 /* PBXTargetDependency */,
			);
			fileSystemSynchronizedGroups = (
				F25ED3692CB3DE1000C3D3D9 /* swiftTests */,
			);
			name = swiftTests;
			packageProductDependencies = (
			);
			productName = swiftTests;
			productReference = F25ED3662CB3DE1000C3D3D9 /* swiftTests.xctest */;
			productType = "com.apple.product-type.bundle.unit-test";
		};
		F25ED36F2CB3DE1000C3D3D9 /* swiftUITests */ = {
			isa = PBXNativeTarget;
			buildConfigurationList = F25ED3802CB3DE1000C3D3D9 /* Build configuration list for PBXNativeTarget "swiftUITests" */;
			buildPhases = (
				F25ED36C2CB3DE1000C3D3D9 /* Sources */,
				F25ED36D2CB3DE1000C3D3D9 /* Frameworks */,
				F25ED36E2CB3DE1000C3D3D9 /* Resources */,
			);
			buildRules = (
			);
			dependencies = (
				F25ED3722CB3DE1000C3D3D9 /* PBXTargetDependency */,
			);
			fileSystemSynchronizedGroups = (
				F25ED3732CB3DE1000C3D3D9 /* swiftUITests */,
			);
			name = swiftUITests;
			packageProductDependencies = (
			);
			productName = swiftUITests;
			productReference = F25ED3702CB3DE1000C3D3D9 /* swiftUITests.xctest */;
			productType = "com.apple.product-type.bundle.ui-testing";
		};
/* End PBXNativeTarget section */

/* Begin PBXProject section */
		F25ED34E2CB3DE0F00C3D3D9 /* Project object */ = {
			isa = PBXProject;
			attributes = {
				BuildIndependentTargetsInParallel = 1;
				LastSwiftUpdateCheck = 1600;
				LastUpgradeCheck = 1600;
				TargetAttributes = {
					F25ED3552CB3DE0F00C3D3D9 = {
						CreatedOnToolsVersion = 16.0;
					};
					F25ED3652CB3DE1000C3D3D9 = {
						CreatedOnToolsVersion = 16.0;
						TestTargetID = F25ED3552CB3DE0F00C3D3D9;
					};
					F25ED36F2CB3DE1000C3D3D9 = {
						CreatedOnToolsVersion = 16.0;
						TestTargetID = F25ED3552CB3DE0F00C3D3D9;
					};
				};
			};
			buildConfigurationList = F25ED3512CB3DE0F00C3D3D9 /* Build configuration list for PBXProject "swift" */;
			developmentRegion = en;
			hasScannedForEncodings = 0;
			knownRegions = (
				en,
				Base,
			);
			mainGroup = F25ED34D2CB3DE0F00C3D3D9;
			minimizedProjectReferenceProxies = 1;
			preferredProjectObjectVersion = 77;
			productRefGroup = F25ED3572CB3DE0F00C3D3D9 /* Products */;
			projectDirPath = "";
			projectRoot = "";
			targets = (
				F25ED3552CB3DE0F00C3D3D9 /* swift */,
				F25ED3652CB3DE1000C3D3D9 /* swiftTests */,
				F25ED36F2CB3DE1000C3D3D9 /* swiftUITests */,
			);
		};
/* End PBXProject section */

/* Begin PBXResourcesBuildPhase section */
		F25ED3542CB3DE0F00C3D3D9 /* Resources */ = {
			isa = PBXResourcesBuildPhase;
			buildActionMask = 2147483647;
			files = (
			);
			runOnlyForDeploymentPostprocessing = 0;
		};
		F25ED3642CB3DE1000C3D3D9 /* Resources */ = {
			isa = PBXResourcesBuildPhase;
			buildActionMask = 2147483647;
			files = (
			);
			runOnlyForDeploymentPostprocessing = 0;
		};
		F25ED36E2CB3DE1000C3D3D9 /* Resources */ = {
			isa = PBXResourcesBuildPhase;
			buildActionMask = 2147483647;
			files = (
			);
			runOnlyForDeploymentPostprocessing = 0;
		};
/* End PBXResourcesBuildPhase section */

/* Begin PBXSourcesBuildPhase section */
		F25ED3522CB3DE0F00C3D3D9 /* Sources */ = {
			isa = PBXSourcesBuildPhase;
			buildActionMask = 2147483647;
			files = (
			);
			runOnlyForDeploymentPostprocessing = 0;
		};
		F25ED3622CB3DE1000C3D3D9 /* Sources */ = {
			isa = PBXSourcesBuildPhase;
			buildActionMask = 2147483647;
			files = (
			);
			runOnlyForDeploymentPostprocessing = 0;
		};
		F25ED36C2CB3DE1000C3D3D9 /* Sources */ = {
			isa = PBXSourcesBuildPhase;
			buildActionMask = 2147483647;
			files = (
			);
			runOnlyForDeploymentPostprocessing = 0;
		};
/* End PBXSourcesBuildPhase section */

/* Begin PBXTargetDependency section */
		F25ED3682CB3DE1000C3D3D9 /* PBXTargetDependency */ = {
			isa = PBXTargetDependency;
			target = F25ED3552CB3DE0F00C3D3D9 /* swift */;
			targetProxy = F25ED3672CB3DE1000C3D3D9 /* PBXContainerItemProxy */;
		};
		F25ED3722CB3DE1000C3D3D9 /* PBXTargetDependency */ = {
			isa = PBXTargetDependency;
			target = F25ED3552CB3DE0F00C3D3D9 /* swift */;
			targetProxy = F25ED3712CB3DE1000C3D3D9 /* PBXContainerItemProxy */;
		};
/* End PBXTargetDependency section */

/* Begin XCBuildConfiguration section */
		F25ED3782CB3DE1000C3D3D9 /* Debug */ = {
			isa = XCBuildConfiguration;
			buildSettings = {
				ALWAYS_SEARCH_USER_PATHS = NO;
				ASSETCATALOG_COMPILER_GENERATE_SWIFT_ASSET_SYMBOL_EXTENSIONS = YES;
				CLANG_ANALYZER_NONNULL = YES;
				CLANG_ANALYZER_NUMBER_OBJECT_CONVERSION = YES_AGGRESSIVE;
				CLANG_CXX_LANGUAGE_STANDARD = "gnu++20";
				CLANG_ENABLE_MODULES = YES;
				CLANG_ENABLE_OBJC_ARC = YES;
				CLANG_ENABLE_OBJC_WEAK = YES;
				CLANG_WARN_BLOCK_CAPTURE_AUTORELEASING = YES;
				CLANG_WARN_BOOL_CONVERSION = YES;
				CLANG_WARN_COMMA = YES;
				CLANG_WARN_CONSTANT_CONVERSION = YES;
				CLANG_WARN_DEPRECATED_OBJC_IMPLEMENTATIONS = YES;
				CLANG_WARN_DIRECT_OBJC_ISA_USAGE = YES_ERROR;
				CLANG_WARN_DOCUMENTATION_COMMENTS = YES;
				CLANG_WARN_EMPTY_BODY = YES;
				CLANG_WARN_ENUM_CONVERSION = YES;
				CLANG_WARN_INFINITE_RECURSION = YES;
				CLANG_WARN_INT_CONVERSION = YES;
				CLANG_WARN_NON_LITERAL_NULL_CONVERSION = YES;
				CLANG_WARN_OBJC_IMPLICIT_RETAIN_SELF = YES;
				CLANG_WARN_OBJC_LITERAL_CONVERSION = YES;
				CLANG_WARN_OBJC_ROOT_CLASS = YES_ERROR;
				CLANG_WARN_QUOTED_INCLUDE_IN_FRAMEWORK_HEADER = YES;
				CLANG_WARN_RANGE_LOOP_ANALYSIS = YES;
				CLANG_WARN_STRICT_PROTOTYPES = YES;
				CLANG_WARN_SUSPICIOUS_MOVE = YES;
				CLANG_WARN_UNGUARDED_AVAILABILITY = YES_AGGRESSIVE;
				CLANG_WARN_UNREACHABLE_CODE = YES;
				CLANG_WARN__DUPLICATE_METHOD_MATCH = YES;
				COPY_PHASE_STRIP = NO;
				DEBUG_INFORMATION_FORMAT = dwarf;
				ENABLE_STRICT_OBJC_MSGSEND = YES;
				ENABLE_TESTABILITY = YES;
				ENABLE_USER_SCRIPT_SANDBOXING = YES;
				GCC_C_LANGUAGE_STANDARD = gnu17;
				GCC_DYNAMIC_NO_PIC = NO;
				GCC_NO_COMMON_BLOCKS = YES;
				GCC_OPTIMIZATION_LEVEL = 0;
				GCC_PREPROCESSOR_DEFINITIONS = (
					"DEBUG=1",
					"$(inherited)",
				);
				GCC_WARN_64_TO_32_BIT_CONVERSION = YES;
				GCC_WARN_ABOUT_RETURN_TYPE = YES_ERROR;
				GCC_WARN_UNDECLARED_SELECTOR = YES;
				GCC_WARN_UNINITIALIZED_AUTOS = YES_AGGRESSIVE;
				GCC_WARN_UNUSED_FUNCTION = YES;
				GCC_WARN_UNUSED_VARIABLE = YES;
				IPHONEOS_DEPLOYMENT_TARGET = 18.0;
				LOCALIZATION_PREFERS_STRING_CATALOGS = YES;
				MTL_ENABLE_DEBUG_INFO = INCLUDE_SOURCE;
				MTL_FAST_MATH = YES;
				ONLY_ACTIVE_ARCH = YES;
				SDKROOT = iphoneos;
				SWIFT_ACTIVE_COMPILATION_CONDITIONS = "DEBUG $(inherited)";
				SWIFT_OPTIMIZATION_LEVEL = "-Onone";
			};
			name = Debug;
		};
		F25ED3792CB3DE1000C3D3D9 /* Release */ = {
			isa = XCBuildConfiguration;
			buildSettings = {
				ALWAYS_SEARCH_USER_PATHS = NO;
				ASSETCATALOG_COMPILER_GENERATE_SWIFT_ASSET_SYMBOL_EXTENSIONS = YES;
				CLANG_ANALYZER_NONNULL = YES;
				CLANG_ANALYZER_NUMBER_OBJECT_CONVERSION = YES_AGGRESSIVE;
				CLANG_CXX_LANGUAGE_STANDARD = "gnu++20";
				CLANG_ENABLE_MODULES = YES;
				CLANG_ENABLE_OBJC_ARC = YES;
				CLANG_ENABLE_OBJC_WEAK = YES;
				CLANG_WARN_BLOCK_CAPTURE_AUTORELEASING = YES;
				CLANG_WARN_BOOL_CONVERSION = YES;
				CLANG_WARN_COMMA = YES;
				CLANG_WARN_CONSTANT_CONVERSION = YES;
				CLANG_WARN_DEPRECATED_OBJC_IMPLEMENTATIONS = YES;
				CLANG_WARN_DIRECT_OBJC_ISA_USAGE = YES_ERROR;
				CLANG_WARN_DOCUMENTATION_COMMENTS = YES;
				CLANG_WARN_EMPTY_BODY = YES;
				CLANG_WARN_ENUM_CONVERSION = YES;
				CLANG_WARN_INFINITE_RECURSION = YES;
				CLANG_WARN_INT_CONVERSION = YES;
				CLANG_WARN_NON_LITERAL_NULL_CONVERSION = YES;
				CLANG_WARN_OBJC_IMPLICIT_RETAIN_SELF = YES;
				CLANG_WARN_OBJC_LITERAL_CONVERSION = YES;
				CLANG_WARN_OBJC_ROOT_CLASS = YES_ERROR;
				CLANG_WARN_QUOTED_INCLUDE_IN_FRAMEWORK_HEADER = YES;
				CLANG_WARN_RANGE_LOOP_ANALYSIS = YES;
				CLANG_WARN_STRICT_PROTOTYPES = YES;
				CLANG_WARN_SUSPICIOUS_MOVE = YES;
				CLANG_WARN_UNGUARDED_AVAILABILITY = YES_AGGRESSIVE;
				CLANG_WARN_UNREACHABLE_CODE = YES;
				CLANG_WARN__DUPLICATE_METHOD_MATCH = YES;
				COPY_PHASE_STRIP = NO;
				DEBUG_INFORMATION_FORMAT = "dwarf-with-dsym";
				ENABLE_NS_ASSERTIONS = NO;
				ENABLE_STRICT_OBJC_MSGSEND = YES;
				ENABLE_USER_SCRIPT_SANDBOXING = YES;
				GCC_C_LANGUAGE_STANDARD = gnu17;
				GCC_NO_COMMON_BLOCKS = YES;
				GCC_WARN_64_TO_32_BIT_CONVERSION = YES;
				GCC_WARN_ABOUT_RETURN_TYPE = YES_ERROR;
				GCC_WARN_UNDECLARED_SELECTOR = YES;
				GCC_WARN_UNINITIALIZED_AUTOS = YES_AGGRESSIVE;
				GCC_WARN_UNUSED_FUNCTION = YES;
				GCC_WARN_UNUSED_VARIABLE = YES;
				IPHONEOS_DEPLOYMENT_TARGET = 18.0;
				LOCALIZATION_PREFERS_STRING_CATALOGS = YES;
				MTL_ENABLE_DEBUG_INFO = NO;
				MTL_FAST_MATH = YES;
				SDKROOT = iphoneos;
				SWIFT_COMPILATION_MODE = wholemodule;
				VALIDATE_PRODUCT = YES;
			};
			name = Release;
		};
		F25ED37B2CB3DE1000C3D3D9 /* Debug */ = {
			isa = XCBuildConfiguration;
			buildSettings = {
				ASSETCATALOG_COMPILER_APPICON_NAME = AppIcon;
				ASSETCATALOG_COMPILER_GLOBAL_ACCENT_COLOR_NAME = AccentColor;
				CODE_SIGN_STYLE = Automatic;
				CURRENT_PROJECT_VERSION = 1;
				DEVELOPMENT_ASSET_PATHS = "\"swift/Preview Content\"";
				ENABLE_PREVIEWS = YES;
				GENERATE_INFOPLIST_FILE = YES;
				INFOPLIST_KEY_UIApplicationSceneManifest_Generation = YES;
				INFOPLIST_KEY_UIApplicationSupportsIndirectInputEvents = YES;
				INFOPLIST_KEY_UILaunchScreen_Generation = YES;
				INFOPLIST_KEY_UISupportedInterfaceOrientations_iPad = "UIInterfaceOrientationPortrait UIInterfaceOrientationPortraitUpsideDown UIInterfaceOrientationLandscapeLeft UIInterfaceOrientationLandscapeRight";
				INFOPLIST_KEY_UISupportedInterfaceOrientations_iPhone = "UIInterfaceOrientationPortrait UIInterfaceOrientationLandscapeLeft UIInterfaceOrientationLandscapeRight";
				LD_RUNPATH_SEARCH_PATHS = (
					"$(inherited)",
					"@executable_path/Frameworks",
				);
				MARKETING_VERSION = 1.0;
				PRODUCT_BUNDLE_IDENTIFIER = daftarproperti.swift;
				PRODUCT_NAME = "$(TARGET_NAME)";
				SWIFT_EMIT_LOC_STRINGS = YES;
				SWIFT_VERSION = 5.0;
				TARGETED_DEVICE_FAMILY = "1,2";
			};
			name = Debug;
		};
		F25ED37C2CB3DE1000C3D3D9 /* Release */ = {
			isa = XCBuildConfiguration;
			buildSettings = {
				ASSETCATALOG_COMPILER_APPICON_NAME = AppIcon;
				ASSETCATALOG_COMPILER_GLOBAL_ACCENT_COLOR_NAME = AccentColor;
				CODE_SIGN_STYLE = Automatic;
				CURRENT_PROJECT_VERSION = 1;
				DEVELOPMENT_ASSET_PATHS = "\"swift/Preview Content\"";
				ENABLE_PREVIEWS = YES;
				GENERATE_INFOPLIST_FILE = YES;
				INFOPLIST_KEY_UIApplicationSceneManifest_Generation = YES;
				INFOPLIST_KEY_UIApplicationSupportsIndirectInputEvents = YES;
				INFOPLIST_KEY_UILaunchScreen_Generation = YES;
				INFOPLIST_KEY_UISupportedInterfaceOrientations_iPad = "UIInterfaceOrientationPortrait UIInterfaceOrientationPortraitUpsideDown UIInterfaceOrientationLandscapeLeft UIInterfaceOrientationLandscapeRight";
				INFOPLIST_KEY_UISupportedInterfaceOrientations_iPhone = "UIInterfaceOrientationPortrait UIInterfaceOrientationLandscapeLeft UIInterfaceOrientationLandscapeRight";
				LD_RUNPATH_SEARCH_PATHS = (
					"$(inherited)",
					"@executable_path/Frameworks",
				);
				MARKETING_VERSION = 1.0;
				PRODUCT_BUNDLE_IDENTIFIER = daftarproperti.swift;
				PRODUCT_NAME = "$(TARGET_NAME)";
				SWIFT_EMIT_LOC_STRINGS = YES;
				SWIFT_VERSION = 5.0;
				TARGETED_DEVICE_FAMILY = "1,2";
			};
			name = Release;
		};
		F25ED37E2CB3DE1000C3D3D9 /* Debug */ = {
			isa = XCBuildConfiguration;
			buildSettings = {
				BUNDLE_LOADER = "$(TEST_HOST)";
				CODE_SIGN_STYLE = Automatic;
				CURRENT_PROJECT_VERSION = 1;
				GENERATE_INFOPLIST_FILE = YES;
				IPHONEOS_DEPLOYMENT_TARGET = 18.0;
				MARKETING_VERSION = 1.0;
				PRODUCT_BUNDLE_IDENTIFIER = daftarproperti.swiftTests;
				PRODUCT_NAME = "$(TARGET_NAME)";
				SWIFT_EMIT_LOC_STRINGS = NO;
				SWIFT_VERSION = 5.0;
				TARGETED_DEVICE_FAMILY = "1,2";
				TEST_HOST = "$(BUILT_PRODUCTS_DIR)/swift.app/$(BUNDLE_EXECUTABLE_FOLDER_PATH)/swift";
			};
			name = Debug;
		};
		F25ED37F2CB3DE1000C3D3D9 /* Release */ = {
			isa = XCBuildConfiguration;
			buildSettings = {
				BUNDLE_LOADER = "$(TEST_HOST)";
				CODE_SIGN_STYLE = Automatic;
				CURRENT_PROJECT_VERSION = 1;
				GENERATE_INFOPLIST_FILE = YES;
				IPHONEOS_DEPLOYMENT_TARGET = 18.0;
				MARKETING_VERSION = 1.0;
				PRODUCT_BUNDLE_IDENTIFIER = daftarproperti.swiftTests;
				PRODUCT_NAME = "$(TARGET_NAME)";
				SWIFT_EMIT_LOC_STRINGS = NO;
				SWIFT_VERSION = 5.0;
				TARGETED_DEVICE_FAMILY = "1,2";
				TEST_HOST = "$(BUILT_PRODUCTS_DIR)/swift.app/$(BUNDLE_EXECUTABLE_FOLDER_PATH)/swift";
			};
			name = Release;
		};
		F25ED3812CB3DE1000C3D3D9 /* Debug */ = {
			isa = XCBuildConfiguration;
			buildSettings = {
				CODE_SIGN_STYLE = Automatic;
				CURRENT_PROJECT_VERSION = 1;
				GENERATE_INFOPLIST_FILE = YES;
				MARKETING_VERSION = 1.0;
				PRODUCT_BUNDLE_IDENTIFIER = daftarproperti.swiftUITests;
				PRODUCT_NAME = "$(TARGET_NAME)";
				SWIFT_EMIT_LOC_STRINGS = NO;
				SWIFT_VERSION = 5.0;
				TARGETED_DEVICE_FAMILY = "1,2";
				TEST_TARGET_NAME = swift;
			};
			name = Debug;
		};
		F25ED3822CB3DE1000C3D3D9 /* Release */ = {
			isa = XCBuildConfiguration;
			buildSettings = {
				CODE_SIGN_STYLE = Automatic;
				CURRENT_PROJECT_VERSION = 1;
				GENERATE_INFOPLIST_FILE = YES;
				MARKETING_VERSION = 1.0;
				PRODUCT_BUNDLE_IDENTIFIER = daftarproperti.swiftUITests;
				PRODUCT_NAME = "$(TARGET_NAME)";
				SWIFT_EMIT_LOC_STRINGS = NO;
				SWIFT_VERSION = 5.0;
				TARGETED_DEVICE_FAMILY = "1,2";
				TEST_TARGET_NAME = swift;
			};
			name = Release;
		};
/* End XCBuildConfiguration section */

/* Begin XCConfigurationList section */
		F25ED3512CB3DE0F00C3D3D9 /* Build configuration list for PBXProject "swift" */ = {
			isa = XCConfigurationList;
			buildConfigurations = (
				F25ED3782CB3DE1000C3D3D9 /* Debug */,
				F25ED3792CB3DE1000C3D3D9 /* Release */,
			);
			defaultConfigurationIsVisible = 0;
			defaultConfigurationName = Release;
		};
		F25ED37A2CB3DE1000C3D3D9 /* Build configuration list for PBXNativeTarget "swift" */ = {
			isa = XCConfigurationList;
			buildConfigurations = (
				F25ED37B2CB3DE1000C3D3D9 /* Debug */,
				F25ED37C2CB3DE1000C3D3D9 /* Release */,
			);
			defaultConfigurationIsVisible = 0;
			defaultConfigurationName = Release;
		};
		F25ED37D2CB3DE1000C3D3D9 /* Build configuration list for PBXNativeTarget "swiftTests" */ = {
			isa = XCConfigurationList;
			buildConfigurations = (
				F25ED37E2CB3DE1000C3D3D9 /* Debug */,
				F25ED37F2CB3DE1000C3D3D9 /* Release */,
			);
			defaultConfigurationIsVisible = 0;
			defaultConfigurationName = Release;
		};
		F25ED3802CB3DE1000C3D3D9 /* Build configuration list for PBXNativeTarget "swiftUITests" */ = {
			isa = XCConfigurationList;
			buildConfigurations = (
				F25ED3812CB3DE1000C3D3D9 /* Debug */,
				F25ED3822CB3DE1000C3D3D9 /* Release */,
			);
			defaultConfigurationIsVisible = 0;
			defaultConfigurationName = Release;
		};
/* End XCConfigurationList section */
	};
	rootObject = F25ED34E2CB3DE0F00C3D3D9 /* Project object */;
}
